{
    "_readme": [
        "This file locks the dependencies of your project to a known state",
        "Read more about it at https://getcomposer.org/doc/01-basic-usage.md#installing-dependencies",
        "This file is @generated automatically"
    ],
    "content-hash": "6162e48f59285cbe3aacf5cbda71a7b0",
    "packages": [
        {
            "name": "michaeluno/php-classmap-generator",
            "version": "1.2.2",
            "source": {
                "type": "git",
                "url": "https://github.com/michaeluno/php-classmap-generator.git",
                "reference": "7c945304ea80cbca8cd0d67e97d59c4735e09cac"
            },
            "dist": {
                "type": "zip",
                "url": "https://api.github.com/repos/michaeluno/php-classmap-generator/zipball/7c945304ea80cbca8cd0d67e97d59c4735e09cac",
                "reference": "7c945304ea80cbca8cd0d67e97d59c4735e09cac",
                "shasum": ""
            },
            "require": {
                "php": ">=5.6.20"
            },
            "type": "library",
            "autoload": {
                "psr-4": {
                    "PHPClassMapGenerator\\": "source/"
                }
            },
            "notification-url": "https://packagist.org/downloads/",
            "license": [
                "MIT"
            ],
            "authors": [
                {
                    "name": "Michael Uno",
                    "email": "michael2@michaeluno.jp"
                }
            ],
            "description": "A PHP class that generates class maps for autoload.",
            "support": {
                "issues": "https://github.com/michaeluno/php-classmap-generator/issues",
                "source": "https://github.com/michaeluno/php-classmap-generator/tree/1.2.2"
            },
            "time": "2022-02-17T11:35:59+00:00"
        }
    ],
    "packages-dev": [],
    "aliases": [],
    "minimum-stability": "stable",
    "stability-flags": [],
    "prefer-stable": false,
    "prefer-lowest": false,
    "platform": [],
    "platform-dev": [],
    "plugin-api-version": "2.1.0"
}
